
Microsoft Visual Studio Solution File, Format Version 12.00
# Visual Studio Version 16
VisualStudioVersion = 16.0.31005.135
MinimumVisualStudioVersion = 10.0.40219.1
Project("{FAE04EC0-301F-11D3-BF4B-00C04F79EFBC}") = "GetUserNotificationState", "GetUserNotificationState\GetUserNotificationState.csproj", "{E5208976-D5E1-42DB-9E42-0D31F896AF70}"
EndProject
Project("{FAE04EC0-301F-11D3-BF4B-00C04F79EFBC}") = "FocusAssistLibrary", "FocusAssistLibrary\FocusAssistLibrary.csproj", "{AB014585-B41F-4C9C-8249-437EB62EF5CD}"
EndProject
Global
	GlobalSection(SolutionConfigurationPlatforms) = preSolution
		Debug|Any CPU = Debug|Any CPU
		Release|Any CPU = Release|Any CPU
	EndGlobalSection
	GlobalSection(ProjectConfigurationPlatforms) = postSolution
		{E5208976-D5E1-42DB-9E42-0D31F896AF70}.Debug|Any CPU.ActiveCfg = Debug|Any CPU
		{E5208976-D5E1-42DB-9E42-0D31F896AF70}.Debug|Any CPU.Build.0 = Debug|Any CPU
		{E5208976-D5E1-42DB-9E42-0D31F896AF70}.Release|Any CPU.ActiveCfg = Release|Any CPU
		{E5208976-D5E1-42DB-9E42-0D31F896AF70}.Release|Any CPU.Build.0 = Release|Any CPU
		{AB014585-B41F-4C9C-8249-437EB62EF5CD}.Debug|Any CPU.ActiveCfg = Debug|Any CPU
		{AB014585-B41F-4C9C-8249-437EB62EF5CD}.Debug|Any CPU.Build.0 = Debug|Any CPU
		{AB014585-B41F-4C9C-8249-437EB62EF5CD}.Release|Any CPU.ActiveCfg = Release|Any CPU
		{AB014585-B41F-4C9C-8249-437EB62EF5CD}.Release|Any CPU.Build.0 = Release|Any CPU
	EndGlobalSection
	GlobalSection(SolutionProperties) = preSolution
		HideSolutionNode = FALSE
	EndGlobalSection
	GlobalSection(ExtensibilityGlobals) = postSolution
		SolutionGuid = {925DB46F-CAB4-4530-9682-B1D747B1396C}
	EndGlobalSection
EndGlobal
